<?xml version="1.0" encoding="utf-8"?>
<Project ToolsVersion="4.0" xmlns="http://schemas.microsoft.com/developer/msbuild/2003">
  <ItemGroup>
    <ClCompile Include="src\Client.cpp">
      <Filter>src</Filter>
    </ClCompile>
    <ClCompile Include="src\client_main.cpp">
      <Filter>src</Filter>
    </ClCompile>
    <ClCompile Include="src\ErrorInfo.cpp">
      <Filter>src</Filter>
    </ClCompile>
    <ClCompile Include="src\Exception.cpp">
      <Filter>src</Filter>
    </ClCompile>
    <ClCompile Include="src\IPAuthority.cpp">
      <Filter>src</Filter>
    </ClCompile>
    <ClCompile Include="src\Server.cpp">
      <Filter>src</Filter>
    </ClCompile>
    <ClCompile Include="src\server_main.cpp">
      <Filter>src</Filter>
    </ClCompile>
    <ClCompile Include="src\Socket.cpp">
      <Filter>src</Filter>
    </ClCompile>
    <ClCompile Include="src\CustomServer.cpp">
      <Filter>src</Filter>
    </ClCompile>
    <ClCompile Include="src\CustomClient.cpp">
      <Filter>src</Filter>
    </ClCompile>
    <ClCompile Include="src\SerialPort.cpp">
      <Filter>src</Filter>
    </ClCompile>
    <ClCompile Include="shared_libraries\crc.c">
      <Filter>src</Filter>
    </ClCompile>
    <ClCompile Include="shared_libraries\custom_packets.c">
      <Filter>src</Filter>
    </ClCompile>
    <ClCompile Include="shared_libraries\packet.c">
      <Filter>src</Filter>
    </ClCompile>
    <ClCompile Include="src\IError.cpp">
      <Filter>src</Filter>
    </ClCompile>
    <ClCompile Include="src\Options.cpp">
      <Filter>src</Filter>
    </ClCompile>
    <ClCompile Include="src\ClientOptions.cpp">
      <Filter>src</Filter>
    </ClCompile>
    <ClCompile Include="src\ServerOptions.cpp">
      <Filter>src</Filter>
    </ClCompile>
  </ItemGroup>
  <ItemGroup>
    <Filter Include="inc">
      <UniqueIdentifier>{e2b3cf28-fa51-4c69-97b6-a6124d5cf4e2}</UniqueIdentifier>
    </Filter>
    <Filter Include="src">
      <UniqueIdentifier>{908e53d4-a33c-4452-935c-45162a1034bd}</UniqueIdentifier>
    </Filter>
  </ItemGroup>
  <ItemGroup>
    <ClInclude Include="inc\Client.hpp">
      <Filter>inc</Filter>
    </ClInclude>
    <ClInclude Include="inc\ErrorInfo.hpp">
      <Filter>inc</Filter>
    </ClInclude>
    <ClInclude Include="inc\Exception.hpp">
      <Filter>inc</Filter>
    </ClInclude>
    <ClInclude Include="inc\IPAuthority.hpp">
      <Filter>inc</Filter>
    </ClInclude>
    <ClInclude Include="inc\Server.hpp">
      <Filter>inc</Filter>
    </ClInclude>
    <ClInclude Include="inc\Socket.hpp">
      <Filter>inc</Filter>
    </ClInclude>
    <ClInclude Include="inc\CustomServer.hpp">
      <Filter>inc</Filter>
    </ClInclude>
    <ClInclude Include="inc\CustomClient.hpp">
      <Filter>inc</Filter>
    </ClInclude>
    <ClInclude Include="inc\SerialPort.hpp">
      <Filter>inc</Filter>
    </ClInclude>
    <ClInclude Include="shared_libraries\crc.h">
      <Filter>inc</Filter>
    </ClInclude>
    <ClInclude Include="shared_libraries\custom_packets.h">
      <Filter>inc</Filter>
    </ClInclude>
    <ClInclude Include="shared_libraries\packet.h">
      <Filter>inc</Filter>
    </ClInclude>
    <ClInclude Include="inc\IError.hpp">
      <Filter>inc</Filter>
    </ClInclude>
    <ClInclude Include="inc\Options.hpp">
      <Filter>inc</Filter>
    </ClInclude>
    <ClInclude Include="inc\ClientOptions.hpp">
      <Filter>inc</Filter>
    </ClInclude>
    <ClInclude Include="inc\ServerOptions.hpp">
      <Filter>inc</Filter>
    </ClInclude>
  </ItemGroup>
  <ItemGroup>
    <None Include=".gitattributes" />
    <None Include=".gitignore" />
    <None Include="Makefile" />
    <None Include="README.md" />
  </ItemGroup>
  <ItemGroup>
    <Text Include="LICENSE.txt" />
  </ItemGroup>
</Project>